// !$*UTF8*$!
{
	archiveVersion = 1;
	classes = {
	};
	objectVersion = 77;
	objects = {

/* Begin PBXBuildFile section */
		73097B5B2F501CFC008DDA52 /* MineMessageView.swift in Sources */ = {isa = PBXBuildFile; fileRef = 73097B5A2F501CFC008DDA52 /* MineMessageView.swift */; };
		73097B5D2F502B64008DDA52 /* MineListViewCell.swift in Sources */ = {isa = PBXBuildFile; fileRef = 73097B5C2F502B64008DDA52 /* MineListViewCell.swift */; };
		7349CE712F4D6F1800B0EB0F /* AppDelegate.swift in Sources */ = {isa = PBXBuildFile; fileRef = 7349CE672F4D6F1800B0EB0F /* AppDelegate.swift */; };
		7349CE742F4D6F1800B0EB0F /* Assets.xcassets in Resources */ = {isa = PBXBuildFile; fileRef = 7349CE682F4D6F1800B0EB0F /* Assets.xcassets */; };
		7349CE762F4D6F1800B0EB0F /* LaunchScreen.storyboard in Resources */ = {isa = PBXBuildFile; fileRef = 7349CE6B2F4D6F1800B0EB0F /* LaunchScreen.storyboard */; };
		7349CE7B2F4D6FA700B0EB0F /* BaseViewController.swift in Sources */ = {isa = PBXBuildFile; fileRef = 7349CE7A2F4D6FA700B0EB0F /* BaseViewController.swift */; };
		7349CE7D2F4D6FB300B0EB0F /* BaseView.swift in Sources */ = {isa = PBXBuildFile; fileRef = 7349CE7C2F4D6FB300B0EB0F /* BaseView.swift */; };
		7349CE7F2F4D6FCC00B0EB0F /* AppTabBarController.swift in Sources */ = {isa = PBXBuildFile; fileRef = 7349CE7E2F4D6FCC00B0EB0F /* AppTabBarController.swift */; };
		7349CE812F4D6FDE00B0EB0F /* AppNavigationController.swift in Sources */ = {isa = PBXBuildFile; fileRef = 7349CE802F4D6FDE00B0EB0F /* AppNavigationController.swift */; };
		7349CE832F4D720000B0EB0F /* AppLaunchViewController.swift in Sources */ = {isa = PBXBuildFile; fileRef = 7349CE822F4D720000B0EB0F /* AppLaunchViewController.swift */; };
		7349CE8E2F4D730C00B0EB0F /* AppViewModel.swift in Sources */ = {isa = PBXBuildFile; fileRef = 7349CE8D2F4D730800B0EB0F /* AppViewModel.swift */; };
		7349CE902F4D732500B0EB0F /* HttpModel.swift in Sources */ = {isa = PBXBuildFile; fileRef = 7349CE8F2F4D731E00B0EB0F /* HttpModel.swift */; };
		7349CE922F4D73B200B0EB0F /* LoginManager.swift in Sources */ = {isa = PBXBuildFile; fileRef = 7349CE912F4D73B200B0EB0F /* LoginManager.swift */; };
		7349CE942F4D74C100B0EB0F /* LoginViewController.swift in Sources */ = {isa = PBXBuildFile; fileRef = 7349CE932F4D74C100B0EB0F /* LoginViewController.swift */; };
		7349CE962F4D74FA00B0EB0F /* HomeViewController.swift in Sources */ = {isa = PBXBuildFile; fileRef = 7349CE952F4D74FA00B0EB0F /* HomeViewController.swift */; };
		7349CE982F4D750100B0EB0F /* MineViewController.swift in Sources */ = {isa = PBXBuildFile; fileRef = 7349CE972F4D750100B0EB0F /* MineViewController.swift */; };
		7349CE9A2F4D750800B0EB0F /* OrderViewController.swift in Sources */ = {isa = PBXBuildFile; fileRef = 7349CE992F4D750800B0EB0F /* OrderViewController.swift */; };
		7349CE9C2F4D751900B0EB0F /* LoginView.swift in Sources */ = {isa = PBXBuildFile; fileRef = 7349CE9B2F4D751900B0EB0F /* LoginView.swift */; };
		7349CE9E2F4D75DD00B0EB0F /* NetworkManager.swift in Sources */ = {isa = PBXBuildFile; fileRef = 7349CE9D2F4D75DD00B0EB0F /* NetworkManager.swift */; };
		7349CEA02F4D78EE00B0EB0F /* LoadingView.swift in Sources */ = {isa = PBXBuildFile; fileRef = 7349CE9F2F4D78EE00B0EB0F /* LoadingView.swift */; };
		7349CEA32F4D860F00B0EB0F /* Localizable.strings in Resources */ = {isa = PBXBuildFile; fileRef = 7349CEA12F4D860F00B0EB0F /* Localizable.strings */; };
		7349CEA62F4D863900B0EB0F /* InfoPlist.strings in Resources */ = {isa = PBXBuildFile; fileRef = 7349CEA42F4D863900B0EB0F /* InfoPlist.strings */; };
		7349CEAF2F4D882200B0EB0F /* CustomDatePickerView.swift in Sources */ = {isa = PBXBuildFile; fileRef = 7349CEAE2F4D882200B0EB0F /* CustomDatePickerView.swift */; };
		7365C5982F4D8EEA00240451 /* UploadImageViewController.swift in Sources */ = {isa = PBXBuildFile; fileRef = 7365C5972F4D8EEA00240451 /* UploadImageViewController.swift */; };
		7365C59E2F4D8F1800240451 /* MineView.swift in Sources */ = {isa = PBXBuildFile; fileRef = 7365C59D2F4D8F1800240451 /* MineView.swift */; };
		7365C5A22F4D8F3200240451 /* EnView.swift in Sources */ = {isa = PBXBuildFile; fileRef = 7365C5A12F4D8F3200240451 /* EnView.swift */; };
		7365C5A42F4D8F4700240451 /* OrderView.swift in Sources */ = {isa = PBXBuildFile; fileRef = 7365C5A32F4D8F4700240451 /* OrderView.swift */; };
		7365C5A92F4D900100240451 /* WalletViewController.swift in Sources */ = {isa = PBXBuildFile; fileRef = 7365C5A82F4D900100240451 /* WalletViewController.swift */; };
		7365C5AB2F4D900A00240451 /* ContactViewController.swift in Sources */ = {isa = PBXBuildFile; fileRef = 7365C5AA2F4D900A00240451 /* ContactViewController.swift */; };
		7365C5AD2F4D901500240451 /* PersonalViewController.swift in Sources */ = {isa = PBXBuildFile; fileRef = 7365C5AC2F4D901500240451 /* PersonalViewController.swift */; };
		7365C5AF2F4D9F9F00240451 /* AppLanguage.swift in Sources */ = {isa = PBXBuildFile; fileRef = 7365C5AE2F4D9F9F00240451 /* AppLanguage.swift */; };
		7365C5B22F4DA22600240451 /* AppCommonParas.swift in Sources */ = {isa = PBXBuildFile; fileRef = 7365C5B12F4DA22600240451 /* AppCommonParas.swift */; };
		7365C5B42F4DA27A00240451 /* IDFVKeychainManager.swift in Sources */ = {isa = PBXBuildFile; fileRef = 7365C5B32F4DA27A00240451 /* IDFVKeychainManager.swift */; };
		736D7C542F4E9AC500CD6F14 /* NetworkMonitor.swift in Sources */ = {isa = PBXBuildFile; fileRef = 736D7C532F4E9AC500CD6F14 /* NetworkMonitor.swift */; };
		738B54752F5183280032F831 /* StepViewCell.swift in Sources */ = {isa = PBXBuildFile; fileRef = 738B54742F5183280032F831 /* StepViewCell.swift */; };
		73D808492F527FAD006F53C1 /* UploadImageListView.swift in Sources */ = {isa = PBXBuildFile; fileRef = 73D808482F527FAD006F53C1 /* UploadImageListView.swift */; };
		73E0C7752F512D3E00BBFE9C /* H5ViewController.swift in Sources */ = {isa = PBXBuildFile; fileRef = 73E0C7742F512D3E00BBFE9C /* H5ViewController.swift */; };
		73E0C7772F512D5A00BBFE9C /* AppHeadView.swift in Sources */ = {isa = PBXBuildFile; fileRef = 73E0C7762F512D5A00BBFE9C /* AppHeadView.swift */; };
		73E0C7792F5132C100BBFE9C /* SchemeRouter.swift in Sources */ = {isa = PBXBuildFile; fileRef = 73E0C7782F5132C100BBFE9C /* SchemeRouter.swift */; };
		73E0C77B2F51338300BBFE9C /* SettingViewController.swift in Sources */ = {isa = PBXBuildFile; fileRef = 73E0C77A2F51338300BBFE9C /* SettingViewController.swift */; };
		73E0C77E2F5133D400BBFE9C /* ProductDetailViewController.swift in Sources */ = {isa = PBXBuildFile; fileRef = 73E0C77D2F5133D400BBFE9C /* ProductDetailViewController.swift */; };
		73E0C7802F5145B400BBFE9C /* DeleteView.swift in Sources */ = {isa = PBXBuildFile; fileRef = 73E0C77F2F5145B400BBFE9C /* DeleteView.swift */; };
		73E0C7822F514C0600BBFE9C /* LogouView.swift in Sources */ = {isa = PBXBuildFile; fileRef = 73E0C7812F514C0600BBFE9C /* LogouView.swift */; };
		73E0C7842F5162AE00BBFE9C /* EndView.swift in Sources */ = {isa = PBXBuildFile; fileRef = 73E0C7832F5162AE00BBFE9C /* EndView.swift */; };
		73E0C7862F516A3C00BBFE9C /* CardListView.swift in Sources */ = {isa = PBXBuildFile; fileRef = 73E0C7852F516A3C00BBFE9C /* CardListView.swift */; };
		F463F6921760B25883AA1E1A /* Pods_PinjamCair.framework in Frameworks */ = {isa = PBXBuildFile; fileRef = E8CCE9BF663AD7553D1F7A6D /* Pods_PinjamCair.framework */; };
/* End PBXBuildFile section */

/* Begin PBXFileReference section */
		73097B5A2F501CFC008DDA52 /* MineMessageView.swift */ = {isa = PBXFileReference; lastKnownFileType = sourcecode.swift; path = MineMessageView.swift; sourceTree = "<group>"; };
		73097B5C2F502B64008DDA52 /* MineListViewCell.swift */ = {isa = PBXFileReference; lastKnownFileType = sourcecode.swift; path = MineListViewCell.swift; sourceTree = "<group>"; };
		7349CE4F2F4D6F1000B0EB0F /* PinjamCair.app */ = {isa = PBXFileReference; explicitFileType = wrapper.application; includeInIndex = 0; path = PinjamCair.app; sourceTree = BUILT_PRODUCTS_DIR; };
		7349CE672F4D6F1800B0EB0F /* AppDelegate.swift */ = {isa = PBXFileReference; lastKnownFileType = sourcecode.swift; path = AppDelegate.swift; sourceTree = "<group>"; };
		7349CE682F4D6F1800B0EB0F /* Assets.xcassets */ = {isa = PBXFileReference; lastKnownFileType = folder.assetcatalog; path = Assets.xcassets; sourceTree = "<group>"; };
		7349CE692F4D6F1800B0EB0F /* Info.plist */ = {isa = PBXFileReference; lastKnownFileType = text.plist.xml; path = Info.plist; sourceTree = "<group>"; };
		7349CE6A2F4D6F1800B0EB0F /* Base */ = {isa = PBXFileReference; lastKnownFileType = file.storyboard; name = Base; path = Base.lproj/LaunchScreen.storyboard; sourceTree = "<group>"; };
		7349CE782F4D6F4D00B0EB0F /* PinjamCair.entitlements */ = {isa = PBXFileReference; lastKnownFileType = text.plist.entitlements; path = PinjamCair.entitlements; sourceTree = "<group>"; };
		7349CE7A2F4D6FA700B0EB0F /* BaseViewController.swift */ = {isa = PBXFileReference; lastKnownFileType = sourcecode.swift; path = BaseViewController.swift; sourceTree = "<group>"; };
		7349CE7C2F4D6FB300B0EB0F /* BaseView.swift */ = {isa = PBXFileReference; lastKnownFileType = sourcecode.swift; path = BaseView.swift; sourceTree = "<group>"; };
		7349CE7E2F4D6FCC00B0EB0F /* AppTabBarController.swift */ = {isa = PBXFileReference; lastKnownFileType = sourcecode.swift; path = AppTabBarController.swift; sourceTree = "<group>"; };
		7349CE802F4D6FDE00B0EB0F /* AppNavigationController.swift */ = {isa = PBXFileReference; lastKnownFileType = sourcecode.swift; path = AppNavigationController.swift; sourceTree = "<group>"; };
		7349CE822F4D720000B0EB0F /* AppLaunchViewController.swift */ = {isa = PBXFileReference; lastKnownFileType = sourcecode.swift; path = AppLaunchViewController.swift; sourceTree = "<group>"; };
		7349CE8D2F4D730800B0EB0F /* AppViewModel.swift */ = {isa = PBXFileReference; lastKnownFileType = sourcecode.swift; path = AppViewModel.swift; sourceTree = "<group>"; };
		7349CE8F2F4D731E00B0EB0F /* HttpModel.swift */ = {isa = PBXFileReference; lastKnownFileType = sourcecode.swift; path = HttpModel.swift; sourceTree = "<group>"; };
		7349CE912F4D73B200B0EB0F /* LoginManager.swift */ = {isa = PBXFileReference; lastKnownFileType = sourcecode.swift; path = LoginManager.swift; sourceTree = "<group>"; };
		7349CE932F4D74C100B0EB0F /* LoginViewController.swift */ = {isa = PBXFileReference; lastKnownFileType = sourcecode.swift; path = LoginViewController.swift; sourceTree = "<group>"; };
		7349CE952F4D74FA00B0EB0F /* HomeViewController.swift */ = {isa = PBXFileReference; lastKnownFileType = sourcecode.swift; path = HomeViewController.swift; sourceTree = "<group>"; };
		7349CE972F4D750100B0EB0F /* MineViewController.swift */ = {isa = PBXFileReference; lastKnownFileType = sourcecode.swift; path = MineViewController.swift; sourceTree = "<group>"; };
		7349CE992F4D750800B0EB0F /* OrderViewController.swift */ = {isa = PBXFileReference; lastKnownFileType = sourcecode.swift; path = OrderViewController.swift; sourceTree = "<group>"; };
		7349CE9B2F4D751900B0EB0F /* LoginView.swift */ = {isa = PBXFileReference; lastKnownFileType = sourcecode.swift; path = LoginView.swift; sourceTree = "<group>"; };
		7349CE9D2F4D75DD00B0EB0F /* NetworkManager.swift */ = {isa = PBXFileReference; lastKnownFileType = sourcecode.swift; path = NetworkManager.swift; sourceTree = "<group>"; };
		7349CE9F2F4D78EE00B0EB0F /* LoadingView.swift */ = {isa = PBXFileReference; lastKnownFileType = sourcecode.swift; path = LoadingView.swift; sourceTree = "<group>"; };
		7349CEA22F4D860F00B0EB0F /* en */ = {isa = PBXFileReference; lastKnownFileType = text.plist.strings; name = en; path = en.lproj/Localizable.strings; sourceTree = "<group>"; };
		7349CEA52F4D863900B0EB0F /* en */ = {isa = PBXFileReference; lastKnownFileType = text.plist.strings; name = en; path = en.lproj/InfoPlist.strings; sourceTree = "<group>"; };
		7349CEA72F4D865700B0EB0F /* id */ = {isa = PBXFileReference; lastKnownFileType = text.plist.strings; name = id; path = id.lproj/InfoPlist.strings; sourceTree = "<group>"; };
		7349CEA82F4D865700B0EB0F /* id */ = {isa = PBXFileReference; lastKnownFileType = text.plist.strings; name = id; path = id.lproj/Localizable.strings; sourceTree = "<group>"; };
		7349CEAE2F4D882200B0EB0F /* CustomDatePickerView.swift */ = {isa = PBXFileReference; lastKnownFileType = sourcecode.swift; path = CustomDatePickerView.swift; sourceTree = "<group>"; };
		7365C5972F4D8EEA00240451 /* UploadImageViewController.swift */ = {isa = PBXFileReference; lastKnownFileType = sourcecode.swift; path = UploadImageViewController.swift; sourceTree = "<group>"; };
		7365C59D2F4D8F1800240451 /* MineView.swift */ = {isa = PBXFileReference; lastKnownFileType = sourcecode.swift; path = MineView.swift; sourceTree = "<group>"; };
		7365C5A12F4D8F3200240451 /* EnView.swift */ = {isa = PBXFileReference; lastKnownFileType = sourcecode.swift; path = EnView.swift; sourceTree = "<group>"; };
		7365C5A32F4D8F4700240451 /* OrderView.swift */ = {isa = PBXFileReference; lastKnownFileType = sourcecode.swift; path = OrderView.swift; sourceTree = "<group>"; };
		7365C5A82F4D900100240451 /* WalletViewController.swift */ = {isa = PBXFileReference; lastKnownFileType = sourcecode.swift; path = WalletViewController.swift; sourceTree = "<group>"; };
		7365C5AA2F4D900A00240451 /* ContactViewController.swift */ = {isa = PBXFileReference; lastKnownFileType = sourcecode.swift; path = ContactViewController.swift; sourceTree = "<group>"; };
		7365C5AC2F4D901500240451 /* PersonalViewController.swift */ = {isa = PBXFileReference; lastKnownFileType = sourcecode.swift; path = PersonalViewController.swift; sourceTree = "<group>"; };
		7365C5AE2F4D9F9F00240451 /* AppLanguage.swift */ = {isa = PBXFileReference; lastKnownFileType = sourcecode.swift; path = AppLanguage.swift; sourceTree = "<group>"; };
		7365C5B12F4DA22600240451 /* AppCommonParas.swift */ = {isa = PBXFileReference; lastKnownFileType = sourcecode.swift; path = AppCommonParas.swift; sourceTree = "<group>"; };
		7365C5B32F4DA27A00240451 /* IDFVKeychainManager.swift */ = {isa = PBXFileReference; lastKnownFileType = sourcecode.swift; path = IDFVKeychainManager.swift; sourceTree = "<group>"; };
		736D7C532F4E9AC500CD6F14 /* NetworkMonitor.swift */ = {isa = PBXFileReference; lastKnownFileType = sourcecode.swift; path = NetworkMonitor.swift; sourceTree = "<group>"; };
		738B54742F5183280032F831 /* StepViewCell.swift */ = {isa = PBXFileReference; lastKnownFileType = sourcecode.swift; path = StepViewCell.swift; sourceTree = "<group>"; };
		73D808482F527FAD006F53C1 /* UploadImageListView.swift */ = {isa = PBXFileReference; lastKnownFileType = sourcecode.swift; path = UploadImageListView.swift; sourceTree = "<group>"; };
		73E0C7742F512D3E00BBFE9C /* H5ViewController.swift */ = {isa = PBXFileReference; lastKnownFileType = sourcecode.swift; path = H5ViewController.swift; sourceTree = "<group>"; };
		73E0C7762F512D5A00BBFE9C /* AppHeadView.swift */ = {isa = PBXFileReference; lastKnownFileType = sourcecode.swift; path = AppHeadView.swift; sourceTree = "<group>"; };
		73E0C7782F5132C100BBFE9C /* SchemeRouter.swift */ = {isa = PBXFileReference; lastKnownFileType = sourcecode.swift; path = SchemeRouter.swift; sourceTree = "<group>"; };
		73E0C77A2F51338300BBFE9C /* SettingViewController.swift */ = {isa = PBXFileReference; lastKnownFileType = sourcecode.swift; path = SettingViewController.swift; sourceTree = "<group>"; };
		73E0C77D2F5133D400BBFE9C /* ProductDetailViewController.swift */ = {isa = PBXFileReference; lastKnownFileType = sourcecode.swift; path = ProductDetailViewController.swift; sourceTree = "<group>"; };
		73E0C77F2F5145B400BBFE9C /* DeleteView.swift */ = {isa = PBXFileReference; lastKnownFileType = sourcecode.swift; path = DeleteView.swift; sourceTree = "<group>"; };
		73E0C7812F514C0600BBFE9C /* LogouView.swift */ = {isa = PBXFileReference; lastKnownFileType = sourcecode.swift; path = LogouView.swift; sourceTree = "<group>"; };
		73E0C7832F5162AE00BBFE9C /* EndView.swift */ = {isa = PBXFileReference; lastKnownFileType = sourcecode.swift; path = EndView.swift; sourceTree = "<group>"; };
		73E0C7852F516A3C00BBFE9C /* CardListView.swift */ = {isa = PBXFileReference; lastKnownFileType = sourcecode.swift; path = CardListView.swift; sourceTree = "<group>"; };
		DBB41FD14F8919C034DEC0D7 /* Pods-PinjamCair.release.xcconfig */ = {isa = PBXFileReference; includeInIndex = 1; lastKnownFileType = text.xcconfig; name = "Pods-PinjamCair.release.xcconfig"; path = "Target Support Files/Pods-PinjamCair/Pods-PinjamCair.release.xcconfig"; sourceTree = "<group>"; };
		E8CCE9BF663AD7553D1F7A6D /* Pods_PinjamCair.framework */ = {isa = PBXFileReference; explicitFileType = wrapper.framework; includeInIndex = 0; path = Pods_PinjamCair.framework; sourceTree = BUILT_PRODUCTS_DIR; };
		ECE4C731136F1CFC9E2A724A /* Pods-PinjamCair.debug.xcconfig */ = {isa = PBXFileReference; includeInIndex = 1; lastKnownFileType = text.xcconfig; name = "Pods-PinjamCair.debug.xcconfig"; path = "Target Support Files/Pods-PinjamCair/Pods-PinjamCair.debug.xcconfig"; sourceTree = "<group>"; };
/* End PBXFileReference section */

/* Begin PBXFrameworksBuildPhase section */
		7349CE4C2F4D6F1000B0EB0F /* Frameworks */ = {
			isa = PBXFrameworksBuildPhase;
			buildActionMask = 2147483647;
			files = (
				F463F6921760B25883AA1E1A /* Pods_PinjamCair.framework in Frameworks */,
			);
			runOnlyForDeploymentPostprocessing = 0;
		};
/* End PBXFrameworksBuildPhase section */

/* Begin PBXGroup section */
		352DBEB239BC21C594E233B5 /* Pods */ = {
			isa = PBXGroup;
			children = (
				ECE4C731136F1CFC9E2A724A /* Pods-PinjamCair.debug.xcconfig */,
				DBB41FD14F8919C034DEC0D7 /* Pods-PinjamCair.release.xcconfig */,
			);
			path = Pods;
			sourceTree = "<group>";
		};
		7349CE462F4D6F1000B0EB0F = {
			isa = PBXGroup;
			children = (
				7349CE702F4D6F1800B0EB0F /* PinjamCair */,
				7349CE502F4D6F1000B0EB0F /* Products */,
				352DBEB239BC21C594E233B5 /* Pods */,
				DB56F940DD03B5AEF10DBFCE /* Frameworks */,
			);
			sourceTree = "<group>";
		};
		7349CE502F4D6F1000B0EB0F /* Products */ = {
			isa = PBXGroup;
			children = (
				7349CE4F2F4D6F1000B0EB0F /* PinjamCair.app */,
			);
			name = Products;
			sourceTree = "<group>";
		};
		7349CE702F4D6F1800B0EB0F /* PinjamCair */ = {
			isa = PBXGroup;
			children = (
				7349CE692F4D6F1800B0EB0F /* Info.plist */,
				7349CE682F4D6F1800B0EB0F /* Assets.xcassets */,
				7349CE782F4D6F4D00B0EB0F /* PinjamCair.entitlements */,
				7349CEA42F4D863900B0EB0F /* InfoPlist.strings */,
				7349CEA12F4D860F00B0EB0F /* Localizable.strings */,
				7349CE672F4D6F1800B0EB0F /* AppDelegate.swift */,
				7349CE6B2F4D6F1800B0EB0F /* LaunchScreen.storyboard */,
				7349CE8C2F4D72FD00B0EB0F /* ViewModel */,
				7349CEA92F4D87EA00B0EB0F /* Product */,
				7349CE882F4D72BF00B0EB0F /* Order */,
				7349CE872F4D72B900B0EB0F /* Mine */,
				7349CE862F4D72B200B0EB0F /* Home */,
				7349CE852F4D72AC00B0EB0F /* Login */,
				7349CE792F4D6F8F00B0EB0F /* Base */,
				7365C5B02F4DA1AD00240451 /* ComParas */,
			);
			path = PinjamCair;
			sourceTree = "<group>";
		};
		7349CE792F4D6F8F00B0EB0F /* Base */ = {
			isa = PBXGroup;
			children = (
				7349CE7C2F4D6FB300B0EB0F /* BaseView.swift */,
				7349CE7A2F4D6FA700B0EB0F /* BaseViewController.swift */,
				7349CE7E2F4D6FCC00B0EB0F /* AppTabBarController.swift */,
				7349CE802F4D6FDE00B0EB0F /* AppNavigationController.swift */,
				7349CE822F4D720000B0EB0F /* AppLaunchViewController.swift */,
			);
			path = Base;
			sourceTree = "<group>";
		};
		7349CE852F4D72AC00B0EB0F /* Login */ = {
			isa = PBXGroup;
			children = (
				7349CE8A2F4D72DE00B0EB0F /* View */,
				7349CE892F4D72D900B0EB0F /* Controller */,
				7349CE8B2F4D72F100B0EB0F /* LoginManager */,
			);
			path = Login;
			sourceTree = "<group>";
		};
		7349CE862F4D72B200B0EB0F /* Home */ = {
			isa = PBXGroup;
			children = (
				7365C5A02F4D8F2700240451 /* View */,
				7365C59F2F4D8F2000240451 /* Controller */,
			);
			path = Home;
			sourceTree = "<group>";
		};
		7349CE872F4D72B900B0EB0F /* Mine */ = {
			isa = PBXGroup;
			children = (
				7365C59C2F4D8F0900240451 /* View */,
				7365C59B2F4D8F0200240451 /* Controller */,
			);
			path = Mine;
			sourceTree = "<group>";
		};
		7349CE882F4D72BF00B0EB0F /* Order */ = {
			isa = PBXGroup;
			children = (
				7365C59A2F4D8EF800240451 /* View */,
				7365C5992F4D8EF200240451 /* Controller */,
			);
			path = Order;
			sourceTree = "<group>";
		};
		7349CE892F4D72D900B0EB0F /* Controller */ = {
			isa = PBXGroup;
			children = (
				7349CE932F4D74C100B0EB0F /* LoginViewController.swift */,
			);
			path = Controller;
			sourceTree = "<group>";
		};
		7349CE8A2F4D72DE00B0EB0F /* View */ = {
			isa = PBXGroup;
			children = (
				7349CE9B2F4D751900B0EB0F /* LoginView.swift */,
			);
			path = View;
			sourceTree = "<group>";
		};
		7349CE8B2F4D72F100B0EB0F /* LoginManager */ = {
			isa = PBXGroup;
			children = (
				7349CE912F4D73B200B0EB0F /* LoginManager.swift */,
			);
			path = LoginManager;
			sourceTree = "<group>";
		};
		7349CE8C2F4D72FD00B0EB0F /* ViewModel */ = {
			isa = PBXGroup;
			children = (
				7349CE8F2F4D731E00B0EB0F /* HttpModel.swift */,
				7349CE9F2F4D78EE00B0EB0F /* LoadingView.swift */,
				7349CE8D2F4D730800B0EB0F /* AppViewModel.swift */,
				7349CE9D2F4D75DD00B0EB0F /* NetworkManager.swift */,
			);
			path = ViewModel;
			sourceTree = "<group>";
		};
		7349CEA92F4D87EA00B0EB0F /* Product */ = {
			isa = PBXGroup;
			children = (
				73E0C77C2F5133C400BBFE9C /* List */,
				7365C5A72F4D8FE200240451 /* Wallet */,
				7365C5A62F4D8FD300240451 /* Contact */,
				7365C5A52F4D8FC900240451 /* Personal */,
				7349CEAA2F4D87F700B0EB0F /* UploadVc */,
			);
			path = Product;
			sourceTree = "<group>";
		};
		7349CEAA2F4D87F700B0EB0F /* UploadVc */ = {
			isa = PBXGroup;
			children = (
				7349CEAB2F4D880900B0EB0F /* View */,
				7349CEAD2F4D881600B0EB0F /* Controller */,
			);
			path = UploadVc;
			sourceTree = "<group>";
		};
		7349CEAB2F4D880900B0EB0F /* View */ = {
			isa = PBXGroup;
			children = (
				7349CEAE2F4D882200B0EB0F /* CustomDatePickerView.swift */,
				73D808482F527FAD006F53C1 /* UploadImageListView.swift */,
			);
			path = View;
			sourceTree = "<group>";
		};
		7349CEAD2F4D881600B0EB0F /* Controller */ = {
			isa = PBXGroup;
			children = (
				7365C5972F4D8EEA00240451 /* UploadImageViewController.swift */,
			);
			path = Controller;
			sourceTree = "<group>";
		};
		7365C5992F4D8EF200240451 /* Controller */ = {
			isa = PBXGroup;
			children = (
				7349CE992F4D750800B0EB0F /* OrderViewController.swift */,
			);
			path = Controller;
			sourceTree = "<group>";
		};
		7365C59A2F4D8EF800240451 /* View */ = {
			isa = PBXGroup;
			children = (
				7365C5A32F4D8F4700240451 /* OrderView.swift */,
			);
			path = View;
			sourceTree = "<group>";
		};
		7365C59B2F4D8F0200240451 /* Controller */ = {
			isa = PBXGroup;
			children = (
				7349CE972F4D750100B0EB0F /* MineViewController.swift */,
				73E0C7742F512D3E00BBFE9C /* H5ViewController.swift */,
				73E0C77A2F51338300BBFE9C /* SettingViewController.swift */,
			);
			path = Controller;
			sourceTree = "<group>";
		};
		7365C59C2F4D8F0900240451 /* View */ = {
			isa = PBXGroup;
			children = (
				73E0C7782F5132C100BBFE9C /* SchemeRouter.swift */,
				7365C59D2F4D8F1800240451 /* MineView.swift */,
				73097B5A2F501CFC008DDA52 /* MineMessageView.swift */,
				73097B5C2F502B64008DDA52 /* MineListViewCell.swift */,
				73E0C7762F512D5A00BBFE9C /* AppHeadView.swift */,
				73E0C77F2F5145B400BBFE9C /* DeleteView.swift */,
				73E0C7812F514C0600BBFE9C /* LogouView.swift */,
			);
			path = View;
			sourceTree = "<group>";
		};
		7365C59F2F4D8F2000240451 /* Controller */ = {
			isa = PBXGroup;
			children = (
				7349CE952F4D74FA00B0EB0F /* HomeViewController.swift */,
			);
			path = Controller;
			sourceTree = "<group>";
		};
		7365C5A02F4D8F2700240451 /* View */ = {
			isa = PBXGroup;
			children = (
				7365C5A12F4D8F3200240451 /* EnView.swift */,
				73E0C7832F5162AE00BBFE9C /* EndView.swift */,
				73E0C7852F516A3C00BBFE9C /* CardListView.swift */,
			);
			path = View;
			sourceTree = "<group>";
		};
		7365C5A52F4D8FC900240451 /* Personal */ = {
			isa = PBXGroup;
			children = (
				7365C5AC2F4D901500240451 /* PersonalViewController.swift */,
			);
			path = Personal;
			sourceTree = "<group>";
		};
		7365C5A62F4D8FD300240451 /* Contact */ = {
			isa = PBXGroup;
			children = (
				7365C5AA2F4D900A00240451 /* ContactViewController.swift */,
			);
			path = Contact;
			sourceTree = "<group>";
		};
		7365C5A72F4D8FE200240451 /* Wallet */ = {
			isa = PBXGroup;
			children = (
				7365C5A82F4D900100240451 /* WalletViewController.swift */,
			);
			path = Wallet;
			sourceTree = "<group>";
		};
		7365C5B02F4DA1AD00240451 /* ComParas */ = {
			isa = PBXGroup;
			children = (
				736D7C532F4E9AC500CD6F14 /* NetworkMonitor.swift */,
				7365C5AE2F4D9F9F00240451 /* AppLanguage.swift */,
				7365C5B12F4DA22600240451 /* AppCommonParas.swift */,
				7365C5B32F4DA27A00240451 /* IDFVKeychainManager.swift */,
			);
			path = ComParas;
			sourceTree = "<group>";
		};
		73E0C77C2F5133C400BBFE9C /* List */ = {
			isa = PBXGroup;
			children = (
				738B54742F5183280032F831 /* StepViewCell.swift */,
				73E0C77D2F5133D400BBFE9C /* ProductDetailViewController.swift */,
			);
			path = List;
			sourceTree = "<group>";
		};
		DB56F940DD03B5AEF10DBFCE /* Frameworks */ = {
			isa = PBXGroup;
			children = (
				E8CCE9BF663AD7553D1F7A6D /* Pods_PinjamCair.framework */,
			);
			name = Frameworks;
			sourceTree = "<group>";
		};
/* End PBXGroup section */

/* Begin PBXNativeTarget section */
		7349CE4E2F4D6F1000B0EB0F /* PinjamCair */ = {
			isa = PBXNativeTarget;
			buildConfigurationList = 7349CE622F4D6F1200B0EB0F /* Build configuration list for PBXNativeTarget "PinjamCair" */;
			buildPhases = (
				5841F4D0B04ACB3A5FE0DE55 /* [CP] Check Pods Manifest.lock */,
				7349CE4B2F4D6F1000B0EB0F /* Sources */,
				7349CE4C2F4D6F1000B0EB0F /* Frameworks */,
				7349CE4D2F4D6F1000B0EB0F /* Resources */,
				476CFC1DBF4CD5C5B6955711 /* [CP] Embed Pods Frameworks */,
			);
			buildRules = (
			);
			dependencies = (
			);
			name = PinjamCair;
			productName = PinjamCair;
			productReference = 7349CE4F2F4D6F1000B0EB0F /* PinjamCair.app */;
			productType = "com.apple.product-type.application";
		};
/* End PBXNativeTarget section */

/* Begin PBXProject section */
		7349CE472F4D6F1000B0EB0F /* Project object */ = {
			isa = PBXProject;
			attributes = {
				BuildIndependentTargetsInParallel = 1;
				LastSwiftUpdateCheck = 2620;
				LastUpgradeCheck = 2620;
				TargetAttributes = {
					7349CE4E2F4D6F1000B0EB0F = {
						CreatedOnToolsVersion = 26.2;
					};
				};
			};
			buildConfigurationList = 7349CE4A2F4D6F1000B0EB0F /* Build configuration list for PBXProject "PinjamCair" */;
			developmentRegion = en;
			hasScannedForEncodings = 0;
			knownRegions = (
				en,
				Base,
				id,
			);
			mainGroup = 7349CE462F4D6F1000B0EB0F;
			minimizedProjectReferenceProxies = 1;
			preferredProjectObjectVersion = 77;
			productRefGroup = 7349CE502F4D6F1000B0EB0F /* Products */;
			projectDirPath = "";
			projectRoot = "";
			targets = (
				7349CE4E2F4D6F1000B0EB0F /* PinjamCair */,
			);
		};
/* End PBXProject section */

/* Begin PBXResourcesBuildPhase section */
		7349CE4D2F4D6F1000B0EB0F /* Resources */ = {
			isa = PBXResourcesBuildPhase;
			buildActionMask = 2147483647;
			files = (
				7349CE742F4D6F1800B0EB0F /* Assets.xcassets in Resources */,
				7349CEA62F4D863900B0EB0F /* InfoPlist.strings in Resources */,
				7349CEA32F4D860F00B0EB0F /* Localizable.strings in Resources */,
				7349CE762F4D6F1800B0EB0F /* LaunchScreen.storyboard in Resources */,
			);
			runOnlyForDeploymentPostprocessing = 0;
		};
/* End PBXResourcesBuildPhase section */

/* Begin PBXShellScriptBuildPhase section */
		476CFC1DBF4CD5C5B6955711 /* [CP] Embed Pods Frameworks */ = {
			isa = PBXShellScriptBuildPhase;
			buildActionMask = 2147483647;
			files = (
			);
			inputFileListPaths = (
				"${PODS_ROOT}/Target Support Files/Pods-PinjamCair/Pods-PinjamCair-frameworks-${CONFIGURATION}-input-files.xcfilelist",
			);
			inputPaths = (
			);
			name = "[CP] Embed Pods Frameworks";
			outputFileListPaths = (
				"${PODS_ROOT}/Target Support Files/Pods-PinjamCair/Pods-PinjamCair-frameworks-${CONFIGURATION}-output-files.xcfilelist",
			);
			outputPaths = (
			);
			runOnlyForDeploymentPostprocessing = 0;
			shellPath = /bin/sh;
			shellScript = "\"${PODS_ROOT}/Target Support Files/Pods-PinjamCair/Pods-PinjamCair-frameworks.sh\"\n";
			showEnvVarsInLog = 0;
		};
		5841F4D0B04ACB3A5FE0DE55 /* [CP] Check Pods Manifest.lock */ = {
			isa = PBXShellScriptBuildPhase;
			buildActionMask = 2147483647;
			files = (
			);
			inputFileListPaths = (
			);
			inputPaths = (
				"${PODS_PODFILE_DIR_PATH}/Podfile.lock",
				"${PODS_ROOT}/Manifest.lock",
			);
			name = "[CP] Check Pods Manifest.lock";
			outputFileListPaths = (
			);
			outputPaths = (
				"$(DERIVED_FILE_DIR)/Pods-PinjamCair-checkManifestLockResult.txt",
			);
			runOnlyForDeploymentPostprocessing = 0;
			shellPath = /bin/sh;
			shellScript = "diff \"${PODS_PODFILE_DIR_PATH}/Podfile.lock\" \"${PODS_ROOT}/Manifest.lock\" > /dev/null\nif [ $? != 0 ] ; then\n    # print error to STDERR\n    echo \"error: The sandbox is not in sync with the Podfile.lock. Run 'pod install' or update your CocoaPods installation.\" >&2\n    exit 1\nfi\n# This output is used by Xcode 'outputs' to avoid re-running this script phase.\necho \"SUCCESS\" > \"${SCRIPT_OUTPUT_FILE_0}\"\n";
			showEnvVarsInLog = 0;
		};
/* End PBXShellScriptBuildPhase section */

/* Begin PBXSourcesBuildPhase section */
		7349CE4B2F4D6F1000B0EB0F /* Sources */ = {
			isa = PBXSourcesBuildPhase;
			buildActionMask = 2147483647;
			files = (
				7365C5B22F4DA22600240451 /* AppCommonParas.swift in Sources */,
				7365C5B42F4DA27A00240451 /* IDFVKeychainManager.swift in Sources */,
				73E0C77E2F5133D400BBFE9C /* ProductDetailViewController.swift in Sources */,
				7349CE7D2F4D6FB300B0EB0F /* BaseView.swift in Sources */,
				73D808492F527FAD006F53C1 /* UploadImageListView.swift in Sources */,
				7349CE7F2F4D6FCC00B0EB0F /* AppTabBarController.swift in Sources */,
				7349CE9A2F4D750800B0EB0F /* OrderViewController.swift in Sources */,
				73E0C77B2F51338300BBFE9C /* SettingViewController.swift in Sources */,
				7349CE8E2F4D730C00B0EB0F /* AppViewModel.swift in Sources */,
				73E0C7792F5132C100BBFE9C /* SchemeRouter.swift in Sources */,
				73E0C7842F5162AE00BBFE9C /* EndView.swift in Sources */,
				73E0C7802F5145B400BBFE9C /* DeleteView.swift in Sources */,
				7349CE902F4D732500B0EB0F /* HttpModel.swift in Sources */,
				7365C5982F4D8EEA00240451 /* UploadImageViewController.swift in Sources */,
				7349CEA02F4D78EE00B0EB0F /* LoadingView.swift in Sources */,
				73097B5D2F502B64008DDA52 /* MineListViewCell.swift in Sources */,
				7349CE712F4D6F1800B0EB0F /* AppDelegate.swift in Sources */,
				7349CEAF2F4D882200B0EB0F /* CustomDatePickerView.swift in Sources */,
				7349CE922F4D73B200B0EB0F /* LoginManager.swift in Sources */,
				7365C5AD2F4D901500240451 /* PersonalViewController.swift in Sources */,
				73097B5B2F501CFC008DDA52 /* MineMessageView.swift in Sources */,
				7349CE832F4D720000B0EB0F /* AppLaunchViewController.swift in Sources */,
				7349CE9C2F4D751900B0EB0F /* LoginView.swift in Sources */,
				73E0C7752F512D3E00BBFE9C /* H5ViewController.swift in Sources */,
				7349CE962F4D74FA00B0EB0F /* HomeViewController.swift in Sources */,
				7365C5A22F4D8F3200240451 /* EnView.swift in Sources */,
				7365C5AB2F4D900A00240451 /* ContactViewController.swift in Sources */,
				7365C59E2F4D8F1800240451 /* MineView.swift in Sources */,
				7365C5A92F4D900100240451 /* WalletViewController.swift in Sources */,
				7349CE7B2F4D6FA700B0EB0F /* BaseViewController.swift in Sources */,
				7349CE942F4D74C100B0EB0F /* LoginViewController.swift in Sources */,
				7349CE9E2F4D75DD00B0EB0F /* NetworkManager.swift in Sources */,
				73E0C7822F514C0600BBFE9C /* LogouView.swift in Sources */,
				73E0C7772F512D5A00BBFE9C /* AppHeadView.swift in Sources */,
				7365C5A42F4D8F4700240451 /* OrderView.swift in Sources */,
				7365C5AF2F4D9F9F00240451 /* AppLanguage.swift in Sources */,
				736D7C542F4E9AC500CD6F14 /* NetworkMonitor.swift in Sources */,
				738B54752F5183280032F831 /* StepViewCell.swift in Sources */,
				7349CE812F4D6FDE00B0EB0F /* AppNavigationController.swift in Sources */,
				73E0C7862F516A3C00BBFE9C /* CardListView.swift in Sources */,
				7349CE982F4D750100B0EB0F /* MineViewController.swift in Sources */,
			);
			runOnlyForDeploymentPostprocessing = 0;
		};
/* End PBXSourcesBuildPhase section */

/* Begin PBXVariantGroup section */
		7349CE6B2F4D6F1800B0EB0F /* LaunchScreen.storyboard */ = {
			isa = PBXVariantGroup;
			children = (
				7349CE6A2F4D6F1800B0EB0F /* Base */,
			);
			name = LaunchScreen.storyboard;
			sourceTree = "<group>";
		};
		7349CEA12F4D860F00B0EB0F /* Localizable.strings */ = {
			isa = PBXVariantGroup;
			children = (
				7349CEA22F4D860F00B0EB0F /* en */,
				7349CEA82F4D865700B0EB0F /* id */,
			);
			name = Localizable.strings;
			sourceTree = "<group>";
		};
		7349CEA42F4D863900B0EB0F /* InfoPlist.strings */ = {
			isa = PBXVariantGroup;
			children = (
				7349CEA52F4D863900B0EB0F /* en */,
				7349CEA72F4D865700B0EB0F /* id */,
			);
			name = InfoPlist.strings;
			sourceTree = "<group>";
		};
/* End PBXVariantGroup section */

/* Begin XCBuildConfiguration section */
		7349CE632F4D6F1200B0EB0F /* Debug */ = {
			isa = XCBuildConfiguration;
			baseConfigurationReference = ECE4C731136F1CFC9E2A724A /* Pods-PinjamCair.debug.xcconfig */;
			buildSettings = {
				ASSETCATALOG_COMPILER_APPICON_NAME = AppIcon;
				ASSETCATALOG_COMPILER_GLOBAL_ACCENT_COLOR_NAME = AccentColor;
				CODE_SIGN_ENTITLEMENTS = PinjamCair/PinjamCair.entitlements;
				CODE_SIGN_STYLE = Automatic;
				CURRENT_PROJECT_VERSION = 1;
				DEVELOPMENT_TEAM = 57MBH2272N;
				ENABLE_USER_SCRIPT_SANDBOXING = NO;
				GENERATE_INFOPLIST_FILE = YES;
				INFOPLIST_FILE = PinjamCair/Info.plist;
				INFOPLIST_KEY_CFBundleDisplayName = "Pinjam Cair";
				INFOPLIST_KEY_UIApplicationSupportsIndirectInputEvents = YES;
				INFOPLIST_KEY_UILaunchStoryboardName = LaunchScreen;
				INFOPLIST_KEY_UISupportedInterfaceOrientations_iPad = "UIInterfaceOrientationPortrait UIInterfaceOrientationPortraitUpsideDown UIInterfaceOrientationLandscapeLeft UIInterfaceOrientationLandscapeRight";
				INFOPLIST_KEY_UISupportedInterfaceOrientations_iPhone = "UIInterfaceOrientationPortrait UIInterfaceOrientationLandscapeLeft UIInterfaceOrientationLandscapeRight";
				IPHONEOS_DEPLOYMENT_TARGET = 14.0;
				LD_RUNPATH_SEARCH_PATHS = (
					"$(inherited)",
					"@executable_path/Frameworks",
				);
				MARKETING_VERSION = 1.0.0;
				PRODUCT_BUNDLE_IDENTIFIER = ll.zoom.loan;
				PRODUCT_NAME = "$(TARGET_NAME)";
				STRING_CATALOG_GENERATE_SYMBOLS = YES;
				SUPPORTED_PLATFORMS = "iphoneos iphonesimulator";
				SUPPORTS_MACCATALYST = NO;
				SUPPORTS_MAC_DESIGNED_FOR_IPHONE_IPAD = NO;
				SUPPORTS_XR_DESIGNED_FOR_IPHONE_IPAD = NO;
				SWIFT_APPROACHABLE_CONCURRENCY = YES;
				SWIFT_DEFAULT_ACTOR_ISOLATION = MainActor;
				SWIFT_EMIT_LOC_STRINGS = YES;
				SWIFT_UPCOMING_FEATURE_MEMBER_IMPORT_VISIBILITY = YES;
				SWIFT_VERSION = 5.0;
				TARGETED_DEVICE_FAMILY = 1;
			};
			name = Debug;
		};
		7349CE642F4D6F1200B0EB0F /* Release */ = {
			isa = XCBuildConfiguration;
			baseConfigurationReference = DBB41FD14F8919C034DEC0D7 /* Pods-PinjamCair.release.xcconfig */;
			buildSettings = {
				ASSETCATALOG_COMPILER_APPICON_NAME = AppIcon;
				ASSETCATALOG_COMPILER_GLOBAL_ACCENT_COLOR_NAME = AccentColor;
				CODE_SIGN_ENTITLEMENTS = PinjamCair/PinjamCair.entitlements;
				CODE_SIGN_STYLE = Automatic;
				CURRENT_PROJECT_VERSION = 1;
				DEVELOPMENT_TEAM = 57MBH2272N;
				ENABLE_USER_SCRIPT_SANDBOXING = NO;
				GENERATE_INFOPLIST_FILE = YES;
				INFOPLIST_FILE = PinjamCair/Info.plist;
				INFOPLIST_KEY_CFBundleDisplayName = "Pinjam Cair";
				INFOPLIST_KEY_UIApplicationSupportsIndirectInputEvents = YES;
				INFOPLIST_KEY_UILaunchStoryboardName = LaunchScreen;
				INFOPLIST_KEY_UISupportedInterfaceOrientations_iPad = "UIInterfaceOrientationPortrait UIInterfaceOrientationPortraitUpsideDown UIInterfaceOrientationLandscapeLeft UIInterfaceOrientationLandscapeRight";
				INFOPLIST_KEY_UISupportedInterfaceOrientations_iPhone = "UIInterfaceOrientationPortrait UIInterfaceOrientationLandscapeLeft UIInterfaceOrientationLandscapeRight";
				IPHONEOS_DEPLOYMENT_TARGET = 14.0;
				LD_RUNPATH_SEARCH_PATHS = (
					"$(inherited)",
					"@executable_path/Frameworks",
				);
				MARKETING_VERSION = 1.0.0;
				PRODUCT_BUNDLE_IDENTIFIER = ll.zoom.loan;
				PRODUCT_NAME = "$(TARGET_NAME)";
				STRING_CATALOG_GENERATE_SYMBOLS = YES;
				SUPPORTED_PLATFORMS = "iphoneos iphonesimulator";
				SUPPORTS_MACCATALYST = NO;
				SUPPORTS_MAC_DESIGNED_FOR_IPHONE_IPAD = NO;
				SUPPORTS_XR_DESIGNED_FOR_IPHONE_IPAD = NO;
				SWIFT_APPROACHABLE_CONCURRENCY = YES;
				SWIFT_DEFAULT_ACTOR_ISOLATION = MainActor;
				SWIFT_EMIT_LOC_STRINGS = YES;
				SWIFT_UPCOMING_FEATURE_MEMBER_IMPORT_VISIBILITY = YES;
				SWIFT_VERSION = 5.0;
				TARGETED_DEVICE_FAMILY = 1;
			};
			name = Release;
		};
		7349CE652F4D6F1200B0EB0F /* Debug */ = {
			isa = XCBuildConfiguration;
			buildSettings = {
				ALWAYS_SEARCH_USER_PATHS = NO;
				ASSETCATALOG_COMPILER_GENERATE_SWIFT_ASSET_SYMBOL_EXTENSIONS = YES;
				CLANG_ANALYZER_LOCALIZABILITY_NONLOCALIZED = YES;
				CLANG_ANALYZER_NONNULL = YES;
				CLANG_ANALYZER_NUMBER_OBJECT_CONVERSION = YES_AGGRESSIVE;
				CLANG_CXX_LANGUAGE_STANDARD = "gnu++20";
				CLANG_ENABLE_MODULES = YES;
				CLANG_ENABLE_OBJC_ARC = YES;
				CLANG_ENABLE_OBJC_WEAK = YES;
				CLANG_WARN_BLOCK_CAPTURE_AUTORELEASING = YES;
				CLANG_WARN_BOOL_CONVERSION = YES;
				CLANG_WARN_COMMA = YES;
				CLANG_WARN_CONSTANT_CONVERSION = YES;
				CLANG_WARN_DEPRECATED_OBJC_IMPLEMENTATIONS = YES;
				CLANG_WARN_DIRECT_OBJC_ISA_USAGE = YES_ERROR;
				CLANG_WARN_DOCUMENTATION_COMMENTS = YES;
				CLANG_WARN_EMPTY_BODY = YES;
				CLANG_WARN_ENUM_CONVERSION = YES;
				CLANG_WARN_INFINITE_RECURSION = YES;
				CLANG_WARN_INT_CONVERSION = YES;
				CLANG_WARN_NON_LITERAL_NULL_CONVERSION = YES;
				CLANG_WARN_OBJC_IMPLICIT_RETAIN_SELF = YES;
				CLANG_WARN_OBJC_LITERAL_CONVERSION = YES;
				CLANG_WARN_OBJC_ROOT_CLASS = YES_ERROR;
				CLANG_WARN_QUOTED_INCLUDE_IN_FRAMEWORK_HEADER = YES;
				CLANG_WARN_RANGE_LOOP_ANALYSIS = YES;
				CLANG_WARN_STRICT_PROTOTYPES = YES;
				CLANG_WARN_SUSPICIOUS_MOVE = YES;
				CLANG_WARN_UNGUARDED_AVAILABILITY = YES_AGGRESSIVE;
				CLANG_WARN_UNREACHABLE_CODE = YES;
				CLANG_WARN__DUPLICATE_METHOD_MATCH = YES;
				COPY_PHASE_STRIP = NO;
				DEBUG_INFORMATION_FORMAT = dwarf;
				ENABLE_STRICT_OBJC_MSGSEND = YES;
				ENABLE_TESTABILITY = YES;
				ENABLE_USER_SCRIPT_SANDBOXING = YES;
				GCC_C_LANGUAGE_STANDARD = gnu17;
				GCC_DYNAMIC_NO_PIC = NO;
				GCC_NO_COMMON_BLOCKS = YES;
				GCC_OPTIMIZATION_LEVEL = 0;
				GCC_PREPROCESSOR_DEFINITIONS = (
					"DEBUG=1",
					"$(inherited)",
				);
				GCC_WARN_64_TO_32_BIT_CONVERSION = YES;
				GCC_WARN_ABOUT_RETURN_TYPE = YES_ERROR;
				GCC_WARN_UNDECLARED_SELECTOR = YES;
				GCC_WARN_UNINITIALIZED_AUTOS = YES_AGGRESSIVE;
				GCC_WARN_UNUSED_FUNCTION = YES;
				GCC_WARN_UNUSED_VARIABLE = YES;
				IPHONEOS_DEPLOYMENT_TARGET = 26.2;
				LOCALIZATION_PREFERS_STRING_CATALOGS = YES;
				MTL_ENABLE_DEBUG_INFO = INCLUDE_SOURCE;
				MTL_FAST_MATH = YES;
				ONLY_ACTIVE_ARCH = YES;
				SDKROOT = iphoneos;
				SWIFT_ACTIVE_COMPILATION_CONDITIONS = "DEBUG $(inherited)";
				SWIFT_OPTIMIZATION_LEVEL = "-Onone";
			};
			name = Debug;
		};
		7349CE662F4D6F1200B0EB0F /* Release */ = {
			isa = XCBuildConfiguration;
			buildSettings = {
				ALWAYS_SEARCH_USER_PATHS = NO;
				ASSETCATALOG_COMPILER_GENERATE_SWIFT_ASSET_SYMBOL_EXTENSIONS = YES;
				CLANG_ANALYZER_LOCALIZABILITY_NONLOCALIZED = YES;
				CLANG_ANALYZER_NONNULL = YES;
				CLANG_ANALYZER_NUMBER_OBJECT_CONVERSION = YES_AGGRESSIVE;
				CLANG_CXX_LANGUAGE_STANDARD = "gnu++20";
				CLANG_ENABLE_MODULES = YES;
				CLANG_ENABLE_OBJC_ARC = YES;
				CLANG_ENABLE_OBJC_WEAK = YES;
				CLANG_WARN_BLOCK_CAPTURE_AUTORELEASING = YES;
				CLANG_WARN_BOOL_CONVERSION = YES;
				CLANG_WARN_COMMA = YES;
				CLANG_WARN_CONSTANT_CONVERSION = YES;
				CLANG_WARN_DEPRECATED_OBJC_IMPLEMENTATIONS = YES;
				CLANG_WARN_DIRECT_OBJC_ISA_USAGE = YES_ERROR;
				CLANG_WARN_DOCUMENTATION_COMMENTS = YES;
				CLANG_WARN_EMPTY_BODY = YES;
				CLANG_WARN_ENUM_CONVERSION = YES;
				CLANG_WARN_INFINITE_RECURSION = YES;
				CLANG_WARN_INT_CONVERSION = YES;
				CLANG_WARN_NON_LITERAL_NULL_CONVERSION = YES;
				CLANG_WARN_OBJC_IMPLICIT_RETAIN_SELF = YES;
				CLANG_WARN_OBJC_LITERAL_CONVERSION = YES;
				CLANG_WARN_OBJC_ROOT_CLASS = YES_ERROR;
				CLANG_WARN_QUOTED_INCLUDE_IN_FRAMEWORK_HEADER = YES;
				CLANG_WARN_RANGE_LOOP_ANALYSIS = YES;
				CLANG_WARN_STRICT_PROTOTYPES = YES;
				CLANG_WARN_SUSPICIOUS_MOVE = YES;
				CLANG_WARN_UNGUARDED_AVAILABILITY = YES_AGGRESSIVE;
				CLANG_WARN_UNREACHABLE_CODE = YES;
				CLANG_WARN__DUPLICATE_METHOD_MATCH = YES;
				COPY_PHASE_STRIP = NO;
				DEBUG_INFORMATION_FORMAT = "dwarf-with-dsym";
				ENABLE_NS_ASSERTIONS = NO;
				ENABLE_STRICT_OBJC_MSGSEND = YES;
				ENABLE_USER_SCRIPT_SANDBOXING = YES;
				GCC_C_LANGUAGE_STANDARD = gnu17;
				GCC_NO_COMMON_BLOCKS = YES;
				GCC_WARN_64_TO_32_BIT_CONVERSION = YES;
				GCC_WARN_ABOUT_RETURN_TYPE = YES_ERROR;
				GCC_WARN_UNDECLARED_SELECTOR = YES;
				GCC_WARN_UNINITIALIZED_AUTOS = YES_AGGRESSIVE;
				GCC_WARN_UNUSED_FUNCTION = YES;
				GCC_WARN_UNUSED_VARIABLE = YES;
				IPHONEOS_DEPLOYMENT_TARGET = 26.2;
				LOCALIZATION_PREFERS_STRING_CATALOGS = YES;
				MTL_ENABLE_DEBUG_INFO = NO;
				MTL_FAST_MATH = YES;
				SDKROOT = iphoneos;
				SWIFT_COMPILATION_MODE = wholemodule;
				VALIDATE_PRODUCT = YES;
			};
			name = Release;
		};
/* End XCBuildConfiguration section */

/* Begin XCConfigurationList section */
		7349CE4A2F4D6F1000B0EB0F /* Build configuration list for PBXProject "PinjamCair" */ = {
			isa = XCConfigurationList;
			buildConfigurations = (
				7349CE652F4D6F1200B0EB0F /* Debug */,
				7349CE662F4D6F1200B0EB0F /* Release */,
			);
			defaultConfigurationIsVisible = 0;
			defaultConfigurationName = Release;
		};
		7349CE622F4D6F1200B0EB0F /* Build configuration list for PBXNativeTarget "PinjamCair" */ = {
			isa = XCConfigurationList;
			buildConfigurations = (
				7349CE632F4D6F1200B0EB0F /* Debug */,
				7349CE642F4D6F1200B0EB0F /* Release */,
			);
			defaultConfigurationIsVisible = 0;
			defaultConfigurationName = Release;
		};
/* End XCConfigurationList section */
	};
	rootObject = 7349CE472F4D6F1000B0EB0F /* Project object */;
}
