// !$*UTF8*$!
{
	archiveVersion = 1;
	classes = {
	};
	objectVersion = 77;
	objects = {

/* Begin PBXBuildFile section */
		7349CE712F4D6F1800B0EB0F /* AppDelegate.swift in Sources */ = {isa = PBXBuildFile; fileRef = 7349CE672F4D6F1800B0EB0F /* AppDelegate.swift */; };
		7349CE742F4D6F1800B0EB0F /* Assets.xcassets in Resources */ = {isa = PBXBuildFile; fileRef = 7349CE682F4D6F1800B0EB0F /* Assets.xcassets */; };
		7349CE762F4D6F1800B0EB0F /* LaunchScreen.storyboard in Resources */ = {isa = PBXBuildFile; fileRef = 7349CE6B2F4D6F1800B0EB0F /* LaunchScreen.storyboard */; };
		7349CE7B2F4D6FA700B0EB0F /* BaseViewController.swift in Sources */ = {isa = PBXBuildFile; fileRef = 7349CE7A2F4D6FA700B0EB0F /* BaseViewController.swift */; };
		7349CE7D2F4D6FB300B0EB0F /* BaseView.swift in Sources */ = {isa = PBXBuildFile; fileRef = 7349CE7C2F4D6FB300B0EB0F /* BaseView.swift */; };
		7349CE7F2F4D6FCC00B0EB0F /* AppTabBarController.swift in Sources */ = {isa = PBXBuildFile; fileRef = 7349CE7E2F4D6FCC00B0EB0F /* AppTabBarController.swift */; };
		7349CE812F4D6FDE00B0EB0F /* AppNavigationController.swift in Sources */ = {isa = PBXBuildFile; fileRef = 7349CE802F4D6FDE00B0EB0F /* AppNavigationController.swift */; };
		7349CE832F4D720000B0EB0F /* AppLaunchViewController.swift in Sources */ = {isa = PBXBuildFile; fileRef = 7349CE822F4D720000B0EB0F /* AppLaunchViewController.swift */; };
		7349CE8E2F4D730C00B0EB0F /* AppViewModel.swift in Sources */ = {isa = PBXBuildFile; fileRef = 7349CE8D2F4D730800B0EB0F /* AppViewModel.swift */; };
		7349CE902F4D732500B0EB0F /* HttpModel.swift in Sources */ = {isa = PBXBuildFile; fileRef = 7349CE8F2F4D731E00B0EB0F /* HttpModel.swift */; };
		7349CE922F4D73B200B0EB0F /* LoginManager.swift in Sources */ = {isa = PBXBuildFile; fileRef = 7349CE912F4D73B200B0EB0F /* LoginManager.swift */; };
		F463F6921760B25883AA1E1A /* Pods_PinjamCair.framework in Frameworks */ = {isa = PBXBuildFile; fileRef = E8CCE9BF663AD7553D1F7A6D /* Pods_PinjamCair.framework */; };
/* End PBXBuildFile section */

/* Begin PBXFileReference section */
		7349CE4F2F4D6F1000B0EB0F /* PinjamCair.app */ = {isa = PBXFileReference; explicitFileType = wrapper.application; includeInIndex = 0; path = PinjamCair.app; sourceTree = BUILT_PRODUCTS_DIR; };
		7349CE672F4D6F1800B0EB0F /* AppDelegate.swift */ = {isa = PBXFileReference; lastKnownFileType = sourcecode.swift; path = AppDelegate.swift; sourceTree = "<group>"; };
		7349CE682F4D6F1800B0EB0F /* Assets.xcassets */ = {isa = PBXFileReference; lastKnownFileType = folder.assetcatalog; path = Assets.xcassets; sourceTree = "<group>"; };
		7349CE692F4D6F1800B0EB0F /* Info.plist */ = {isa = PBXFileReference; lastKnownFileType = text.plist.xml; path = Info.plist; sourceTree = "<group>"; };
		7349CE6A2F4D6F1800B0EB0F /* Base */ = {isa = PBXFileReference; lastKnownFileType = file.storyboard; name = Base; path = Base.lproj/LaunchScreen.storyboard; sourceTree = "<group>"; };
		7349CE782F4D6F4D00B0EB0F /* PinjamCair.entitlements */ = {isa = PBXFileReference; lastKnownFileType = text.plist.entitlements; path = PinjamCair.entitlements; sourceTree = "<group>"; };
		7349CE7A2F4D6FA700B0EB0F /* BaseViewController.swift */ = {isa = PBXFileReference; lastKnownFileType = sourcecode.swift; path = BaseViewController.swift; sourceTree = "<group>"; };
		7349CE7C2F4D6FB300B0EB0F /* BaseView.swift */ = {isa = PBXFileReference; lastKnownFileType = sourcecode.swift; path = BaseView.swift; sourceTree = "<group>"; };
		7349CE7E2F4D6FCC00B0EB0F /* AppTabBarController.swift */ = {isa = PBXFileReference; lastKnownFileType = sourcecode.swift; path = AppTabBarController.swift; sourceTree = "<group>"; };
		7349CE802F4D6FDE00B0EB0F /* AppNavigationController.swift */ = {isa = PBXFileReference; lastKnownFileType = sourcecode.swift; path = AppNavigationController.swift; sourceTree = "<group>"; };
		7349CE822F4D720000B0EB0F /* AppLaunchViewController.swift */ = {isa = PBXFileReference; lastKnownFileType = sourcecode.swift; path = AppLaunchViewController.swift; sourceTree = "<group>"; };
		7349CE8D2F4D730800B0EB0F /* AppViewModel.swift */ = {isa = PBXFileReference; lastKnownFileType = sourcecode.swift; path = AppViewModel.swift; sourceTree = "<group>"; };
		7349CE8F2F4D731E00B0EB0F /* HttpModel.swift */ = {isa = PBXFileReference; lastKnownFileType = sourcecode.swift; path = HttpModel.swift; sourceTree = "<group>"; };
		7349CE912F4D73B200B0EB0F /* LoginManager.swift */ = {isa = PBXFileReference; lastKnownFileType = sourcecode.swift; path = LoginManager.swift; sourceTree = "<group>"; };
		DBB41FD14F8919C034DEC0D7 /* Pods-PinjamCair.release.xcconfig */ = {isa = PBXFileReference; includeInIndex = 1; lastKnownFileType = text.xcconfig; name = "Pods-PinjamCair.release.xcconfig"; path = "Target Support Files/Pods-PinjamCair/Pods-PinjamCair.release.xcconfig"; sourceTree = "<group>"; };
		E8CCE9BF663AD7553D1F7A6D /* Pods_PinjamCair.framework */ = {isa = PBXFileReference; explicitFileType = wrapper.framework; includeInIndex = 0; path = Pods_PinjamCair.framework; sourceTree = BUILT_PRODUCTS_DIR; };
		ECE4C731136F1CFC9E2A724A /* Pods-PinjamCair.debug.xcconfig */ = {isa = PBXFileReference; includeInIndex = 1; lastKnownFileType = text.xcconfig; name = "Pods-PinjamCair.debug.xcconfig"; path = "Target Support Files/Pods-PinjamCair/Pods-PinjamCair.debug.xcconfig"; sourceTree = "<group>"; };
/* End PBXFileReference section */

/* Begin PBXFrameworksBuildPhase section */
		7349CE4C2F4D6F1000B0EB0F /* Frameworks */ = {
			isa = PBXFrameworksBuildPhase;
			buildActionMask = 2147483647;
			files = (
				F463F6921760B25883AA1E1A /* Pods_PinjamCair.framework in Frameworks */,
			);
			runOnlyForDeploymentPostprocessing = 0;
		};
/* End PBXFrameworksBuildPhase section */

/* Begin PBXGroup section */
		352DBEB239BC21C594E233B5 /* Pods */ = {
			isa = PBXGroup;
			children = (
				ECE4C731136F1CFC9E2A724A /* Pods-PinjamCair.debug.xcconfig */,
				DBB41FD14F8919C034DEC0D7 /* Pods-PinjamCair.release.xcconfig */,
			);
			path = Pods;
			sourceTree = "<group>";
		};
		7349CE462F4D6F1000B0EB0F = {
			isa = PBXGroup;
			children = (
				7349CE702F4D6F1800B0EB0F /* PinjamCair */,
				7349CE502F4D6F1000B0EB0F /* Products */,
				352DBEB239BC21C594E233B5 /* Pods */,
				DB56F940DD03B5AEF10DBFCE /* Frameworks */,
			);
			sourceTree = "<group>";
		};
		7349CE502F4D6F1000B0EB0F /* Products */ = {
			isa = PBXGroup;
			children = (
				7349CE4F2F4D6F1000B0EB0F /* PinjamCair.app */,
			);
			name = Products;
			sourceTree = "<group>";
		};
		7349CE702F4D6F1800B0EB0F /* PinjamCair */ = {
			isa = PBXGroup;
			children = (
				7349CE692F4D6F1800B0EB0F /* Info.plist */,
				7349CE682F4D6F1800B0EB0F /* Assets.xcassets */,
				7349CE782F4D6F4D00B0EB0F /* PinjamCair.entitlements */,
				7349CE672F4D6F1800B0EB0F /* AppDelegate.swift */,
				7349CE6B2F4D6F1800B0EB0F /* LaunchScreen.storyboard */,
				7349CE8C2F4D72FD00B0EB0F /* ViewModel */,
				7349CE882F4D72BF00B0EB0F /* Order */,
				7349CE872F4D72B900B0EB0F /* Mine */,
				7349CE862F4D72B200B0EB0F /* Home */,
				7349CE852F4D72AC00B0EB0F /* Login */,
				7349CE792F4D6F8F00B0EB0F /* Base */,
			);
			path = PinjamCair;
			sourceTree = "<group>";
		};
		7349CE792F4D6F8F00B0EB0F /* Base */ = {
			isa = PBXGroup;
			children = (
				7349CE7C2F4D6FB300B0EB0F /* BaseView.swift */,
				7349CE7A2F4D6FA700B0EB0F /* BaseViewController.swift */,
				7349CE7E2F4D6FCC00B0EB0F /* AppTabBarController.swift */,
				7349CE802F4D6FDE00B0EB0F /* AppNavigationController.swift */,
				7349CE822F4D720000B0EB0F /* AppLaunchViewController.swift */,
			);
			path = Base;
			sourceTree = "<group>";
		};
		7349CE852F4D72AC00B0EB0F /* Login */ = {
			isa = PBXGroup;
			children = (
				7349CE8B2F4D72F100B0EB0F /* LoginManager */,
				7349CE8A2F4D72DE00B0EB0F /* View */,
				7349CE892F4D72D900B0EB0F /* Controller */,
			);
			path = Login;
			sourceTree = "<group>";
		};
		7349CE862F4D72B200B0EB0F /* Home */ = {
			isa = PBXGroup;
			children = (
			);
			path = Home;
			sourceTree = "<group>";
		};
		7349CE872F4D72B900B0EB0F /* Mine */ = {
			isa = PBXGroup;
			children = (
			);
			path = Mine;
			sourceTree = "<group>";
		};
		7349CE882F4D72BF00B0EB0F /* Order */ = {
			isa = PBXGroup;
			children = (
			);
			path = Order;
			sourceTree = "<group>";
		};
		7349CE892F4D72D900B0EB0F /* Controller */ = {
			isa = PBXGroup;
			children = (
			);
			path = Controller;
			sourceTree = "<group>";
		};
		7349CE8A2F4D72DE00B0EB0F /* View */ = {
			isa = PBXGroup;
			children = (
			);
			path = View;
			sourceTree = "<group>";
		};
		7349CE8B2F4D72F100B0EB0F /* LoginManager */ = {
			isa = PBXGroup;
			children = (
				7349CE912F4D73B200B0EB0F /* LoginManager.swift */,
			);
			path = LoginManager;
			sourceTree = "<group>";
		};
		7349CE8C2F4D72FD00B0EB0F /* ViewModel */ = {
			isa = PBXGroup;
			children = (
				7349CE8F2F4D731E00B0EB0F /* HttpModel.swift */,
				7349CE8D2F4D730800B0EB0F /* AppViewModel.swift */,
			);
			path = ViewModel;
			sourceTree = "<group>";
		};
		DB56F940DD03B5AEF10DBFCE /* Frameworks */ = {
			isa = PBXGroup;
			children = (
				E8CCE9BF663AD7553D1F7A6D /* Pods_PinjamCair.framework */,
			);
			name = Frameworks;
			sourceTree = "<group>";
		};
/* End PBXGroup section */

/* Begin PBXNativeTarget section */
		7349CE4E2F4D6F1000B0EB0F /* PinjamCair */ = {
			isa = PBXNativeTarget;
			buildConfigurationList = 7349CE622F4D6F1200B0EB0F /* Build configuration list for PBXNativeTarget "PinjamCair" */;
			buildPhases = (
				5841F4D0B04ACB3A5FE0DE55 /* [CP] Check Pods Manifest.lock */,
				7349CE4B2F4D6F1000B0EB0F /* Sources */,
				7349CE4C2F4D6F1000B0EB0F /* Frameworks */,
				7349CE4D2F4D6F1000B0EB0F /* Resources */,
				476CFC1DBF4CD5C5B6955711 /* [CP] Embed Pods Frameworks */,
			);
			buildRules = (
			);
			dependencies = (
			);
			name = PinjamCair;
			productName = PinjamCair;
			productReference = 7349CE4F2F4D6F1000B0EB0F /* PinjamCair.app */;
			productType = "com.apple.product-type.application";
		};
/* End PBXNativeTarget section */

/* Begin PBXProject section */
		7349CE472F4D6F1000B0EB0F /* Project object */ = {
			isa = PBXProject;
			attributes = {
				BuildIndependentTargetsInParallel = 1;
				LastSwiftUpdateCheck = 2620;
				LastUpgradeCheck = 2620;
				TargetAttributes = {
					7349CE4E2F4D6F1000B0EB0F = {
						CreatedOnToolsVersion = 26.2;
					};
				};
			};
			buildConfigurationList = 7349CE4A2F4D6F1000B0EB0F /* Build configuration list for PBXProject "PinjamCair" */;
			developmentRegion = en;
			hasScannedForEncodings = 0;
			knownRegions = (
				en,
				Base,
			);
			mainGroup = 7349CE462F4D6F1000B0EB0F;
			minimizedProjectReferenceProxies = 1;
			preferredProjectObjectVersion = 77;
			productRefGroup = 7349CE502F4D6F1000B0EB0F /* Products */;
			projectDirPath = "";
			projectRoot = "";
			targets = (
				7349CE4E2F4D6F1000B0EB0F /* PinjamCair */,
			);
		};
/* End PBXProject section */

/* Begin PBXResourcesBuildPhase section */
		7349CE4D2F4D6F1000B0EB0F /* Resources */ = {
			isa = PBXResourcesBuildPhase;
			buildActionMask = 2147483647;
			files = (
				7349CE742F4D6F1800B0EB0F /* Assets.xcassets in Resources */,
				7349CE762F4D6F1800B0EB0F /* LaunchScreen.storyboard in Resources */,
			);
			runOnlyForDeploymentPostprocessing = 0;
		};
/* End PBXResourcesBuildPhase section */

/* Begin PBXShellScriptBuildPhase section */
		476CFC1DBF4CD5C5B6955711 /* [CP] Embed Pods Frameworks */ = {
			isa = PBXShellScriptBuildPhase;
			buildActionMask = 2147483647;
			files = (
			);
			inputFileListPaths = (
				"${PODS_ROOT}/Target Support Files/Pods-PinjamCair/Pods-PinjamCair-frameworks-${CONFIGURATION}-input-files.xcfilelist",
			);
			inputPaths = (
			);
			name = "[CP] Embed Pods Frameworks";
			outputFileListPaths = (
				"${PODS_ROOT}/Target Support Files/Pods-PinjamCair/Pods-PinjamCair-frameworks-${CONFIGURATION}-output-files.xcfilelist",
			);
			outputPaths = (
			);
			runOnlyForDeploymentPostprocessing = 0;
			shellPath = /bin/sh;
			shellScript = "\"${PODS_ROOT}/Target Support Files/Pods-PinjamCair/Pods-PinjamCair-frameworks.sh\"\n";
			showEnvVarsInLog = 0;
		};
		5841F4D0B04ACB3A5FE0DE55 /* [CP] Check Pods Manifest.lock */ = {
			isa = PBXShellScriptBuildPhase;
			buildActionMask = 2147483647;
			files = (
			);
			inputFileListPaths = (
			);
			inputPaths = (
				"${PODS_PODFILE_DIR_PATH}/Podfile.lock",
				"${PODS_ROOT}/Manifest.lock",
			);
			name = "[CP] Check Pods Manifest.lock";
			outputFileListPaths = (
			);
			outputPaths = (
				"$(DERIVED_FILE_DIR)/Pods-PinjamCair-checkManifestLockResult.txt",
			);
			runOnlyForDeploymentPostprocessing = 0;
			shellPath = /bin/sh;
			shellScript = "diff \"${PODS_PODFILE_DIR_PATH}/Podfile.lock\" \"${PODS_ROOT}/Manifest.lock\" > /dev/null\nif [ $? != 0 ] ; then\n    # print error to STDERR\n    echo \"error: The sandbox is not in sync with the Podfile.lock. Run 'pod install' or update your CocoaPods installation.\" >&2\n    exit 1\nfi\n# This output is used by Xcode 'outputs' to avoid re-running this script phase.\necho \"SUCCESS\" > \"${SCRIPT_OUTPUT_FILE_0}\"\n";
			showEnvVarsInLog = 0;
		};
/* End PBXShellScriptBuildPhase section */

/* Begin PBXSourcesBuildPhase section */
		7349CE4B2F4D6F1000B0EB0F /* Sources */ = {
			isa = PBXSourcesBuildPhase;
			buildActionMask = 2147483647;
			files = (
				7349CE7D2F4D6FB300B0EB0F /* BaseView.swift in Sources */,
				7349CE7F2F4D6FCC00B0EB0F /* AppTabBarController.swift in Sources */,
				7349CE8E2F4D730C00B0EB0F /* AppViewModel.swift in Sources */,
				7349CE902F4D732500B0EB0F /* HttpModel.swift in Sources */,
				7349CE712F4D6F1800B0EB0F /* AppDelegate.swift in Sources */,
				7349CE922F4D73B200B0EB0F /* LoginManager.swift in Sources */,
				7349CE832F4D720000B0EB0F /* AppLaunchViewController.swift in Sources */,
				7349CE7B2F4D6FA700B0EB0F /* BaseViewController.swift in Sources */,
				7349CE812F4D6FDE00B0EB0F /* AppNavigationController.swift in Sources */,
			);
			runOnlyForDeploymentPostprocessing = 0;
		};
/* End PBXSourcesBuildPhase section */

/* Begin PBXVariantGroup section */
		7349CE6B2F4D6F1800B0EB0F /* LaunchScreen.storyboard */ = {
			isa = PBXVariantGroup;
			children = (
				7349CE6A2F4D6F1800B0EB0F /* Base */,
			);
			name = LaunchScreen.storyboard;
			sourceTree = "<group>";
		};
/* End PBXVariantGroup section */

/* Begin XCBuildConfiguration section */
		7349CE632F4D6F1200B0EB0F /* Debug */ = {
			isa = XCBuildConfiguration;
			baseConfigurationReference = ECE4C731136F1CFC9E2A724A /* Pods-PinjamCair.debug.xcconfig */;
			buildSettings = {
				ASSETCATALOG_COMPILER_APPICON_NAME = AppIcon;
				ASSETCATALOG_COMPILER_GLOBAL_ACCENT_COLOR_NAME = AccentColor;
				CODE_SIGN_ENTITLEMENTS = PinjamCair/PinjamCair.entitlements;
				CODE_SIGN_STYLE = Automatic;
				CURRENT_PROJECT_VERSION = 1;
				DEVELOPMENT_TEAM = 57MBH2272N;
				GENERATE_INFOPLIST_FILE = YES;
				INFOPLIST_FILE = PinjamCair/Info.plist;
				INFOPLIST_KEY_CFBundleDisplayName = "Pinjam Cair";
				INFOPLIST_KEY_UIApplicationSupportsIndirectInputEvents = YES;
				INFOPLIST_KEY_UILaunchStoryboardName = LaunchScreen;
				INFOPLIST_KEY_UISupportedInterfaceOrientations_iPad = "UIInterfaceOrientationPortrait UIInterfaceOrientationPortraitUpsideDown UIInterfaceOrientationLandscapeLeft UIInterfaceOrientationLandscapeRight";
				INFOPLIST_KEY_UISupportedInterfaceOrientations_iPhone = "UIInterfaceOrientationPortrait UIInterfaceOrientationLandscapeLeft UIInterfaceOrientationLandscapeRight";
				IPHONEOS_DEPLOYMENT_TARGET = 14.0;
				LD_RUNPATH_SEARCH_PATHS = (
					"$(inherited)",
					"@executable_path/Frameworks",
				);
				MARKETING_VERSION = 1.0.0;
				PRODUCT_BUNDLE_IDENTIFIER = ll.zoom.loan;
				PRODUCT_NAME = "$(TARGET_NAME)";
				STRING_CATALOG_GENERATE_SYMBOLS = YES;
				SUPPORTED_PLATFORMS = "iphoneos iphonesimulator";
				SUPPORTS_MACCATALYST = NO;
				SUPPORTS_MAC_DESIGNED_FOR_IPHONE_IPAD = NO;
				SUPPORTS_XR_DESIGNED_FOR_IPHONE_IPAD = NO;
				SWIFT_APPROACHABLE_CONCURRENCY = YES;
				SWIFT_DEFAULT_ACTOR_ISOLATION = MainActor;
				SWIFT_EMIT_LOC_STRINGS = YES;
				SWIFT_UPCOMING_FEATURE_MEMBER_IMPORT_VISIBILITY = YES;
				SWIFT_VERSION = 5.0;
				TARGETED_DEVICE_FAMILY = 1;
			};
			name = Debug;
		};
		7349CE642F4D6F1200B0EB0F /* Release */ = {
			isa = XCBuildConfiguration;
			baseConfigurationReference = DBB41FD14F8919C034DEC0D7 /* Pods-PinjamCair.release.xcconfig */;
			buildSettings = {
				ASSETCATALOG_COMPILER_APPICON_NAME = AppIcon;
				ASSETCATALOG_COMPILER_GLOBAL_ACCENT_COLOR_NAME = AccentColor;
				CODE_SIGN_ENTITLEMENTS = PinjamCair/PinjamCair.entitlements;
				CODE_SIGN_STYLE = Automatic;
				CURRENT_PROJECT_VERSION = 1;
				DEVELOPMENT_TEAM = 57MBH2272N;
				GENERATE_INFOPLIST_FILE = YES;
				INFOPLIST_FILE = PinjamCair/Info.plist;
				INFOPLIST_KEY_CFBundleDisplayName = "Pinjam Cair";
				INFOPLIST_KEY_UIApplicationSupportsIndirectInputEvents = YES;
				INFOPLIST_KEY_UILaunchStoryboardName = LaunchScreen;
				INFOPLIST_KEY_UISupportedInterfaceOrientations_iPad = "UIInterfaceOrientationPortrait UIInterfaceOrientationPortraitUpsideDown UIInterfaceOrientationLandscapeLeft UIInterfaceOrientationLandscapeRight";
				INFOPLIST_KEY_UISupportedInterfaceOrientations_iPhone = "UIInterfaceOrientationPortrait UIInterfaceOrientationLandscapeLeft UIInterfaceOrientationLandscapeRight";
				IPHONEOS_DEPLOYMENT_TARGET = 14.0;
				LD_RUNPATH_SEARCH_PATHS = (
					"$(inherited)",
					"@executable_path/Frameworks",
				);
				MARKETING_VERSION = 1.0.0;
				PRODUCT_BUNDLE_IDENTIFIER = ll.zoom.loan;
				PRODUCT_NAME = "$(TARGET_NAME)";
				STRING_CATALOG_GENERATE_SYMBOLS = YES;
				SUPPORTED_PLATFORMS = "iphoneos iphonesimulator";
				SUPPORTS_MACCATALYST = NO;
				SUPPORTS_MAC_DESIGNED_FOR_IPHONE_IPAD = NO;
				SUPPORTS_XR_DESIGNED_FOR_IPHONE_IPAD = NO;
				SWIFT_APPROACHABLE_CONCURRENCY = YES;
				SWIFT_DEFAULT_ACTOR_ISOLATION = MainActor;
				SWIFT_EMIT_LOC_STRINGS = YES;
				SWIFT_UPCOMING_FEATURE_MEMBER_IMPORT_VISIBILITY = YES;
				SWIFT_VERSION = 5.0;
				TARGETED_DEVICE_FAMILY = 1;
			};
			name = Release;
		};
		7349CE652F4D6F1200B0EB0F /* Debug */ = {
			isa = XCBuildConfiguration;
			buildSettings = {
				ALWAYS_SEARCH_USER_PATHS = NO;
				ASSETCATALOG_COMPILER_GENERATE_SWIFT_ASSET_SYMBOL_EXTENSIONS = YES;
				CLANG_ANALYZER_NONNULL = YES;
				CLANG_ANALYZER_NUMBER_OBJECT_CONVERSION = YES_AGGRESSIVE;
				CLANG_CXX_LANGUAGE_STANDARD = "gnu++20";
				CLANG_ENABLE_MODULES = YES;
				CLANG_ENABLE_OBJC_ARC = YES;
				CLANG_ENABLE_OBJC_WEAK = YES;
				CLANG_WARN_BLOCK_CAPTURE_AUTORELEASING = YES;
				CLANG_WARN_BOOL_CONVERSION = YES;
				CLANG_WARN_COMMA = YES;
				CLANG_WARN_CONSTANT_CONVERSION = YES;
				CLANG_WARN_DEPRECATED_OBJC_IMPLEMENTATIONS = YES;
				CLANG_WARN_DIRECT_OBJC_ISA_USAGE = YES_ERROR;
				CLANG_WARN_DOCUMENTATION_COMMENTS = YES;
				CLANG_WARN_EMPTY_BODY = YES;
				CLANG_WARN_ENUM_CONVERSION = YES;
				CLANG_WARN_INFINITE_RECURSION = YES;
				CLANG_WARN_INT_CONVERSION = YES;
				CLANG_WARN_NON_LITERAL_NULL_CONVERSION = YES;
				CLANG_WARN_OBJC_IMPLICIT_RETAIN_SELF = YES;
				CLANG_WARN_OBJC_LITERAL_CONVERSION = YES;
				CLANG_WARN_OBJC_ROOT_CLASS = YES_ERROR;
				CLANG_WARN_QUOTED_INCLUDE_IN_FRAMEWORK_HEADER = YES;
				CLANG_WARN_RANGE_LOOP_ANALYSIS = YES;
				CLANG_WARN_STRICT_PROTOTYPES = YES;
				CLANG_WARN_SUSPICIOUS_MOVE = YES;
				CLANG_WARN_UNGUARDED_AVAILABILITY = YES_AGGRESSIVE;
				CLANG_WARN_UNREACHABLE_CODE = YES;
				CLANG_WARN__DUPLICATE_METHOD_MATCH = YES;
				COPY_PHASE_STRIP = NO;
				DEBUG_INFORMATION_FORMAT = dwarf;
				ENABLE_STRICT_OBJC_MSGSEND = YES;
				ENABLE_TESTABILITY = YES;
				ENABLE_USER_SCRIPT_SANDBOXING = YES;
				GCC_C_LANGUAGE_STANDARD = gnu17;
				GCC_DYNAMIC_NO_PIC = NO;
				GCC_NO_COMMON_BLOCKS = YES;
				GCC_OPTIMIZATION_LEVEL = 0;
				GCC_PREPROCESSOR_DEFINITIONS = (
					"DEBUG=1",
					"$(inherited)",
				);
				GCC_WARN_64_TO_32_BIT_CONVERSION = YES;
				GCC_WARN_ABOUT_RETURN_TYPE = YES_ERROR;
				GCC_WARN_UNDECLARED_SELECTOR = YES;
				GCC_WARN_UNINITIALIZED_AUTOS = YES_AGGRESSIVE;
				GCC_WARN_UNUSED_FUNCTION = YES;
				GCC_WARN_UNUSED_VARIABLE = YES;
				IPHONEOS_DEPLOYMENT_TARGET = 26.2;
				LOCALIZATION_PREFERS_STRING_CATALOGS = YES;
				MTL_ENABLE_DEBUG_INFO = INCLUDE_SOURCE;
				MTL_FAST_MATH = YES;
				ONLY_ACTIVE_ARCH = YES;
				SDKROOT = iphoneos;
				SWIFT_ACTIVE_COMPILATION_CONDITIONS = "DEBUG $(inherited)";
				SWIFT_OPTIMIZATION_LEVEL = "-Onone";
			};
			name = Debug;
		};
		7349CE662F4D6F1200B0EB0F /* Release */ = {
			isa = XCBuildConfiguration;
			buildSettings = {
				ALWAYS_SEARCH_USER_PATHS = NO;
				ASSETCATALOG_COMPILER_GENERATE_SWIFT_ASSET_SYMBOL_EXTENSIONS = YES;
				CLANG_ANALYZER_NONNULL = YES;
				CLANG_ANALYZER_NUMBER_OBJECT_CONVERSION = YES_AGGRESSIVE;
				CLANG_CXX_LANGUAGE_STANDARD = "gnu++20";
				CLANG_ENABLE_MODULES = YES;
				CLANG_ENABLE_OBJC_ARC = YES;
				CLANG_ENABLE_OBJC_WEAK = YES;
				CLANG_WARN_BLOCK_CAPTURE_AUTORELEASING = YES;
				CLANG_WARN_BOOL_CONVERSION = YES;
				CLANG_WARN_COMMA = YES;
				CLANG_WARN_CONSTANT_CONVERSION = YES;
				CLANG_WARN_DEPRECATED_OBJC_IMPLEMENTATIONS = YES;
				CLANG_WARN_DIRECT_OBJC_ISA_USAGE = YES_ERROR;
				CLANG_WARN_DOCUMENTATION_COMMENTS = YES;
				CLANG_WARN_EMPTY_BODY = YES;
				CLANG_WARN_ENUM_CONVERSION = YES;
				CLANG_WARN_INFINITE_RECURSION = YES;
				CLANG_WARN_INT_CONVERSION = YES;
				CLANG_WARN_NON_LITERAL_NULL_CONVERSION = YES;
				CLANG_WARN_OBJC_IMPLICIT_RETAIN_SELF = YES;
				CLANG_WARN_OBJC_LITERAL_CONVERSION = YES;
				CLANG_WARN_OBJC_ROOT_CLASS = YES_ERROR;
				CLANG_WARN_QUOTED_INCLUDE_IN_FRAMEWORK_HEADER = YES;
				CLANG_WARN_RANGE_LOOP_ANALYSIS = YES;
				CLANG_WARN_STRICT_PROTOTYPES = YES;
				CLANG_WARN_SUSPICIOUS_MOVE = YES;
				CLANG_WARN_UNGUARDED_AVAILABILITY = YES_AGGRESSIVE;
				CLANG_WARN_UNREACHABLE_CODE = YES;
				CLANG_WARN__DUPLICATE_METHOD_MATCH = YES;
				COPY_PHASE_STRIP = NO;
				DEBUG_INFORMATION_FORMAT = "dwarf-with-dsym";
				ENABLE_NS_ASSERTIONS = NO;
				ENABLE_STRICT_OBJC_MSGSEND = YES;
				ENABLE_USER_SCRIPT_SANDBOXING = YES;
				GCC_C_LANGUAGE_STANDARD = gnu17;
				GCC_NO_COMMON_BLOCKS = YES;
				GCC_WARN_64_TO_32_BIT_CONVERSION = YES;
				GCC_WARN_ABOUT_RETURN_TYPE = YES_ERROR;
				GCC_WARN_UNDECLARED_SELECTOR = YES;
				GCC_WARN_UNINITIALIZED_AUTOS = YES_AGGRESSIVE;
				GCC_WARN_UNUSED_FUNCTION = YES;
				GCC_WARN_UNUSED_VARIABLE = YES;
				IPHONEOS_DEPLOYMENT_TARGET = 26.2;
				LOCALIZATION_PREFERS_STRING_CATALOGS = YES;
				MTL_ENABLE_DEBUG_INFO = NO;
				MTL_FAST_MATH = YES;
				SDKROOT = iphoneos;
				SWIFT_COMPILATION_MODE = wholemodule;
				VALIDATE_PRODUCT = YES;
			};
			name = Release;
		};
/* End XCBuildConfiguration section */

/* Begin XCConfigurationList section */
		7349CE4A2F4D6F1000B0EB0F /* Build configuration list for PBXProject "PinjamCair" */ = {
			isa = XCConfigurationList;
			buildConfigurations = (
				7349CE652F4D6F1200B0EB0F /* Debug */,
				7349CE662F4D6F1200B0EB0F /* Release */,
			);
			defaultConfigurationIsVisible = 0;
			defaultConfigurationName = Release;
		};
		7349CE622F4D6F1200B0EB0F /* Build configuration list for PBXNativeTarget "PinjamCair" */ = {
			isa = XCConfigurationList;
			buildConfigurations = (
				7349CE632F4D6F1200B0EB0F /* Debug */,
				7349CE642F4D6F1200B0EB0F /* Release */,
			);
			defaultConfigurationIsVisible = 0;
			defaultConfigurationName = Release;
		};
/* End XCConfigurationList section */
	};
	rootObject = 7349CE472F4D6F1000B0EB0F /* Project object */;
}
